// !$*UTF8*$!
{
	archiveVersion = 1;
	classes = {
	};
	objectVersion = 46;
	objects = {

/* Begin PBXBuildFile section */
		2D5E55341A6B6E8E00335363 /* AppDelegate.swift in Sources */ = {isa = PBXBuildFile; fileRef = 2D5E55331A6B6E8E00335363 /* AppDelegate.swift */; };
		2D5E55361A6B6E8F00335363 /* ViewController.swift in Sources */ = {isa = PBXBuildFile; fileRef = 2D5E55351A6B6E8F00335363 /* ViewController.swift */; };
		2D5E55391A6B6E8F00335363 /* Main.storyboard in Resources */ = {isa = PBXBuildFile; fileRef = 2D5E55371A6B6E8F00335363 /* Main.storyboard */; };
		2D5E553B1A6B6E8F00335363 /* Images.xcassets in Resources */ = {isa = PBXBuildFile; fileRef = 2D5E553A1A6B6E8F00335363 /* Images.xcassets */; };
		2D5E553E1A6B6E8F00335363 /* LaunchScreen.xib in Resources */ = {isa = PBXBuildFile; fileRef = 2D5E553C1A6B6E8F00335363 /* LaunchScreen.xib */; };
		2D5E554A1A6B6E8F00335363 /* Hellow_WorldTests.swift in Sources */ = {isa = PBXBuildFile; fileRef = 2D5E55491A6B6E8F00335363 /* Hellow_WorldTests.swift */; };
/* End PBXBuildFile section */

/* Begin PBXContainerItemProxy section */
		2D5E55441A6B6E8F00335363 /* PBXContainerItemProxy */ = {
			isa = PBXContainerItemProxy;
			containerPortal = 2D5E55261A6B6E8E00335363 /* Project object */;
			proxyType = 1;
			remoteGlobalIDString = 2D5E552D1A6B6E8E00335363;
			remoteInfo = "Hellow World";
		};
/* End PBXContainerItemProxy section */

/* Begin PBXFileReference section */
		2D5E552E1A6B6E8E00335363 /* Hellow World.app */ = {isa = PBXFileReference; explicitFileType = wrapper.application; includeInIndex = 0; path = "Hellow World.app"; sourceTree = BUILT_PRODUCTS_DIR; };
		2D5E55321A6B6E8E00335363 /* Info.plist */ = {isa = PBXFileReference; lastKnownFileType = text.plist.xml; path = Info.plist; sourceTree = "<group>"; };
		2D5E55331A6B6E8E00335363 /* AppDelegate.swift */ = {isa = PBXFileReference; lastKnownFileType = sourcecode.swift; path = AppDelegate.swift; sourceTree = "<group>"; };
		2D5E55351A6B6E8F00335363 /* ViewController.swift */ = {isa = PBXFileReference; lastKnownFileType = sourcecode.swift; path = ViewController.swift; sourceTree = "<group>"; };
		2D5E55381A6B6E8F00335363 /* Base */ = {isa = PBXFileReference; lastKnownFileType = file.storyboard; name = Base; path = Base.lproj/Main.storyboard; sourceTree = "<group>"; };
		2D5E553A1A6B6E8F00335363 /* Images.xcassets */ = {isa = PBXFileReference; lastKnownFileType = folder.assetcatalog; path = Images.xcassets; sourceTree = "<group>"; };
		2D5E553D1A6B6E8F00335363 /* Base */ = {isa = PBXFileReference; lastKnownFileType = file.xib; name = Base; path = Base.lproj/LaunchScreen.xib; sourceTree = "<group>"; };
		2D5E55431A6B6E8F00335363 /* Hellow WorldTests.xctest */ = {isa = PBXFileReference; explicitFileType = wrapper.cfbundle; includeInIndex = 0; path = "Hellow WorldTests.xctest"; sourceTree = BUILT_PRODUCTS_DIR; };
		2D5E55481A6B6E8F00335363 /* Info.plist */ = {isa = PBXFileReference; lastKnownFileType = text.plist.xml; path = Info.plist; sourceTree = "<group>"; };
		2D5E55491A6B6E8F00335363 /* Hellow_WorldTests.swift */ = {isa = PBXFileReference; lastKnownFileType = sourcecode.swift; path = Hellow_WorldTests.swift; sourceTree = "<group>"; };
/* End PBXFileReference section */

/* Begin PBXFrameworksBuildPhase section */
		2D5E552B1A6B6E8E00335363 /* Frameworks */ = {
			isa = PBXFrameworksBuildPhase;
			buildActionMask = 2147483647;
			files = (
			);
			runOnlyForDeploymentPostprocessing = 0;
		};
		2D5E55401A6B6E8F00335363 /* Frameworks */ = {
			isa = PBXFrameworksBuildPhase;
			buildActionMask = 2147483647;
			files = (
			);
			runOnlyForDeploymentPostprocessing = 0;
		};
/* End PBXFrameworksBuildPhase section */

/* Begin PBXGroup section */
		2D5E55251A6B6E8E00335363 = {
			isa = PBXGroup;
			children = (
				2D5E55301A6B6E8E00335363 /* Hellow World */,
				2D5E55461A6B6E8F00335363 /* Hellow WorldTests */,
				2D5E552F1A6B6E8E00335363 /* Products */,
			);
			sourceTree = "<group>";
		};
		2D5E552F1A6B6E8E00335363 /* Products */ = {
			isa = PBXGroup;
			children = (
				2D5E552E1A6B6E8E00335363 /* Hellow World.app */,
				2D5E55431A6B6E8F00335363 /* Hellow WorldTests.xctest */,
			);
			name = Products;
			sourceTree = "<group>";
		};
		2D5E55301A6B6E8E00335363 /* Hellow World */ = {
			isa = PBXGroup;
			children = (
				2D5E55331A6B6E8E00335363 /* AppDelegate.swift */,
				2D5E55351A6B6E8F00335363 /* ViewController.swift */,
				2D5E55371A6B6E8F00335363 /* Main.storyboard */,
				2D5E553A1A6B6E8F00335363 /* Images.xcassets */,
				2D5E553C1A6B6E8F00335363 /* LaunchScreen.xib */,
				2D5E55311A6B6E8E00335363 /* Supporting Files */,
			);
			path = "Hellow World";
			sourceTree = "<group>";
		};
		2D5E55311A6B6E8E00335363 /* Supporting Files */ = {
			isa = PBXGroup;
			children = (
				2D5E55321A6B6E8E00335363 /* Info.plist */,
			);
			name = "Supporting Files";
			sourceTree = "<group>";
		};
		2D5E55461A6B6E8F00335363 /* Hellow WorldTests */ = {
			isa = PBXGroup;
			children = (
				2D5E55491A6B6E8F00335363 /* Hellow_WorldTests.swift */,
				2D5E55471A6B6E8F00335363 /* Supporting Files */,
			);
			path = "Hellow WorldTests";
			sourceTree = "<group>";
		};
		2D5E55471A6B6E8F00335363 /* Supporting Files */ = {
			isa = PBXGroup;
			children = (
				2D5E55481A6B6E8F00335363 /* Info.plist */,
			);
			name = "Supporting Files";
			sourceTree = "<group>";
		};
/* End PBXGroup section */

/* Begin PBXNativeTarget section */
		2D5E552D1A6B6E8E00335363 /* Hellow World */ = {
			isa = PBXNativeTarget;
			buildConfigurationList = 2D5E554D1A6B6E8F00335363 /* Build configuration list for PBXNativeTarget "Hellow World" */;
			buildPhases = (
				2D5E552A1A6B6E8E00335363 /* Sources */,
				2D5E552B1A6B6E8E00335363 /* Frameworks */,
				2D5E552C1A6B6E8E00335363 /* Resources */,
			);
			buildRules = (
			);
			dependencies = (
			);
			name = "Hellow World";
			productName = "Hellow World";
			productReference = 2D5E552E1A6B6E8E00335363 /* Hellow World.app */;
			productType = "com.apple.product-type.application";
		};
		2D5E55421A6B6E8F00335363 /* Hellow WorldTests */ = {
			isa = PBXNativeTarget;
			buildConfigurationList = 2D5E55501A6B6E8F00335363 /* Build configuration list for PBXNativeTarget "Hellow WorldTests" */;
			buildPhases = (
				2D5E553F1A6B6E8F00335363 /* Sources */,
				2D5E55401A6B6E8F00335363 /* Frameworks */,
				2D5E55411A6B6E8F00335363 /* Resources */,
			);
			buildRules = (
			);
			dependencies = (
				2D5E55451A6B6E8F00335363 /* PBXTargetDependency */,
			);
			name = "Hellow WorldTests";
			productName = "Hellow WorldTests";
			productReference = 2D5E55431A6B6E8F00335363 /* Hellow WorldTests.xctest */;
			productType = "com.apple.product-type.bundle.unit-test";
		};
/* End PBXNativeTarget section */

/* Begin PBXProject section */
		2D5E55261A6B6E8E00335363 /* Project object */ = {
			isa = PBXProject;
			attributes = {
				LastUpgradeCheck = 0610;
				ORGANIZATIONNAME = "Roberto Navarro";
				TargetAttributes = {
					2D5E552D1A6B6E8E00335363 = {
						CreatedOnToolsVersion = 6.1.1;
					};
					2D5E55421A6B6E8F00335363 = {
						CreatedOnToolsVersion = 6.1.1;
						TestTargetID = 2D5E552D1A6B6E8E00335363;
					};
				};
			};
			buildConfigurationList = 2D5E55291A6B6E8E00335363 /* Build configuration list for PBXProject "Hellow World" */;
			compatibilityVersion = "Xcode 3.2";
			developmentRegion = English;
			hasScannedForEncodings = 0;
			knownRegions = (
				en,
				Base,
			);
			mainGroup = 2D5E55251A6B6E8E00335363;
			productRefGroup = 2D5E552F1A6B6E8E00335363 /* Products */;
			projectDirPath = "";
			projectRoot = "";
			targets = (
				2D5E552D1A6B6E8E00335363 /* Hellow World */,
				2D5E55421A6B6E8F00335363 /* Hellow WorldTests */,
			);
		};
/* End PBXProject section */

/* Begin PBXResourcesBuildPhase section */
		2D5E552C1A6B6E8E00335363 /* Resources */ = {
			isa = PBXResourcesBuildPhase;
			buildActionMask = 2147483647;
			files = (
				2D5E55391A6B6E8F00335363 /* Main.storyboard in Resources */,
				2D5E553E1A6B6E8F00335363 /* LaunchScreen.xib in Resources */,
				2D5E553B1A6B6E8F00335363 /* Images.xcassets in Resources */,
			);
			runOnlyForDeploymentPostprocessing = 0;
		};
		2D5E55411A6B6E8F00335363 /* Resources */ = {
			isa = PBXResourcesBuildPhase;
			buildActionMask = 2147483647;
			files = (
			);
			runOnlyForDeploymentPostprocessing = 0;
		};
/* End PBXResourcesBuildPhase section */

/* Begin PBXSourcesBuildPhase section */
		2D5E552A1A6B6E8E00335363 /* Sources */ = {
			isa = PBXSourcesBuildPhase;
			buildActionMask = 2147483647;
			files = (
				2D5E55361A6B6E8F00335363 /* ViewController.swift in Sources */,
				2D5E55341A6B6E8E00335363 /* AppDelegate.swift in Sources */,
			);
			runOnlyForDeploymentPostprocessing = 0;
		};
		2D5E553F1A6B6E8F00335363 /* Sources */ = {
			isa = PBXSourcesBuildPhase;
			buildActionMask = 2147483647;
			files = (
				2D5E554A1A6B6E8F00335363 /* Hellow_WorldTests.swift in Sources */,
			);
			runOnlyForDeploymentPostprocessing = 0;
		};
/* End PBXSourcesBuildPhase section */

/* Begin PBXTargetDependency section */
		2D5E55451A6B6E8F00335363 /* PBXTargetDependency */ = {
			isa = PBXTargetDependency;
			target = 2D5E552D1A6B6E8E00335363 /* Hellow World */;
			targetProxy = 2D5E55441A6B6E8F00335363 /* PBXContainerItemProxy */;
		};
/* End PBXTargetDependency section */

/* Begin PBXVariantGroup section */
		2D5E55371A6B6E8F00335363 /* Main.storyboard */ = {
			isa = PBXVariantGroup;
			children = (
				2D5E55381A6B6E8F00335363 /* Base */,
			);
			name = Main.storyboard;
			sourceTree = "<group>";
		};
		2D5E553C1A6B6E8F00335363 /* LaunchScreen.xib */ = {
			isa = PBXVariantGroup;
			children = (
				2D5E553D1A6B6E8F00335363 /* Base */,
			);
			name = LaunchScreen.xib;
			sourceTree = "<group>";
		};
/* End PBXVariantGroup section */

/* Begin XCBuildConfiguration section */
		2D5E554B1A6B6E8F00335363 /* Debug */ = {
			isa = XCBuildConfiguration;
			buildSettings = {
				ALWAYS_SEARCH_USER_PATHS = NO;
				CLANG_CXX_LANGUAGE_STANDARD = "gnu++0x";
				CLANG_CXX_LIBRARY = "libc++";
				CLANG_ENABLE_MODULES = YES;
				CLANG_ENABLE_OBJC_ARC = YES;
				CLANG_WARN_BOOL_CONVERSION = YES;
				CLANG_WARN_CONSTANT_CONVERSION = YES;
				CLANG_WARN_DIRECT_OBJC_ISA_USAGE = YES_ERROR;
				CLANG_WARN_EMPTY_BODY = YES;
				CLANG_WARN_ENUM_CONVERSION = YES;
				CLANG_WARN_INT_CONVERSION = YES;
				CLANG_WARN_OBJC_ROOT_CLASS = YES_ERROR;
				CLANG_WARN_UNREACHABLE_CODE = YES;
				CLANG_WARN__DUPLICATE_METHOD_MATCH = YES;
				"CODE_SIGN_IDENTITY[sdk=iphoneos*]" = "iPhone Developer";
				COPY_PHASE_STRIP = NO;
				ENABLE_STRICT_OBJC_MSGSEND = YES;
				GCC_C_LANGUAGE_STANDARD = gnu99;
				GCC_DYNAMIC_NO_PIC = NO;
				GCC_OPTIMIZATION_LEVEL = 0;
				GCC_PREPROCESSOR_DEFINITIONS = (
					"DEBUG=1",
					"$(inherited)",
				);
				GCC_SYMBOLS_PRIVATE_EXTERN = NO;
				GCC_WARN_64_TO_32_BIT_CONVERSION = YES;
				GCC_WARN_ABOUT_RETURN_TYPE = YES_ERROR;
				GCC_WARN_UNDECLARED_SELECTOR = YES;
				GCC_WARN_UNINITIALIZED_AUTOS = YES_AGGRESSIVE;
				GCC_WARN_UNUSED_FUNCTION = YES;
				GCC_WARN_UNUSED_VARIABLE = YES;
				IPHONEOS_DEPLOYMENT_TARGET = 8.1;
				MTL_ENABLE_DEBUG_INFO = YES;
				ONLY_ACTIVE_ARCH = YES;
				SDKROOT = iphoneos;
				SWIFT_OPTIMIZATION_LEVEL = "-Onone";
			};
			name = Debug;
		};
		2D5E554C1A6B6E8F00335363 /* Release */ = {
			isa = XCBuildConfiguration;
			buildSettings = {
				ALWAYS_SEARCH_USER_PATHS = NO;
				CLANG_CXX_LANGUAGE_STANDARD = "gnu++0x";
				CLANG_CXX_LIBRARY = "libc++";
				CLANG_ENABLE_MODULES = YES;
				CLANG_ENABLE_OBJC_ARC = YES;
				CLANG_WARN_BOOL_CONVERSION = YES;
				CLANG_WARN_CONSTANT_CONVERSION = YES;
				CLANG_WARN_DIRECT_OBJC_ISA_USAGE = YES_ERROR;
				CLANG_WARN_EMPTY_BODY = YES;
				CLANG_WARN_ENUM_CONVERSION = YES;
				CLANG_WARN_INT_CONVERSION = YES;
				CLANG_WARN_OBJC_ROOT_CLASS = YES_ERROR;
				CLANG_WARN_UNREACHABLE_CODE = YES;
				CLANG_WARN__DUPLICATE_METHOD_MATCH = YES;
				"CODE_SIGN_IDENTITY[sdk=iphoneos*]" = "iPhone Developer";
				COPY_PHASE_STRIP = YES;
				ENABLE_NS_ASSERTIONS = NO;
				ENABLE_STRICT_OBJC_MSGSEND = YES;
				GCC_C_LANGUAGE_STANDARD = gnu99;
				GCC_WARN_64_TO_32_BIT_CONVERSION = YES;
				GCC_WARN_ABOUT_RETURN_TYPE = YES_ERROR;
				GCC_WARN_UNDECLARED_SELECTOR = YES;
				GCC_WARN_UNINITIALIZED_AUTOS = YES_AGGRESSIVE;
				GCC_WARN_UNUSED_FUNCTION = YES;
				GCC_WARN_UNUSED_VARIABLE = YES;
				IPHONEOS_DEPLOYMENT_TARGET = 8.1;
				MTL_ENABLE_DEBUG_INFO = NO;
				SDKROOT = iphoneos;
				VALIDATE_PRODUCT = YES;
			};
			name = Release;
		};
		2D5E554E1A6B6E8F00335363 /* Debug */ = {
			isa = XCBuildConfiguration;
			buildSettings = {
				ASSETCATALOG_COMPILER_APPICON_NAME = AppIcon;
				INFOPLIST_FILE = "Hellow World/Info.plist";
				LD_RUNPATH_SEARCH_PATHS = "$(inherited) @executable_path/Frameworks";
				PRODUCT_NAME = "$(TARGET_NAME)";
			};
			name = Debug;
		};
		2D5E554F1A6B6E8F00335363 /* Release */ = {
			isa = XCBuildConfiguration;
			buildSettings = {
				ASSETCATALOG_COMPILER_APPICON_NAME = AppIcon;
				INFOPLIST_FILE = "Hellow World/Info.plist";
				LD_RUNPATH_SEARCH_PATHS = "$(inherited) @executable_path/Frameworks";
				PRODUCT_NAME = "$(TARGET_NAME)";
			};
			name = Release;
		};
		2D5E55511A6B6E8F00335363 /* Debug */ = {
			isa = XCBuildConfiguration;
			buildSettings = {
				BUNDLE_LOADER = "$(TEST_HOST)";
				FRAMEWORK_SEARCH_PATHS = (
					"$(SDKROOT)/Developer/Library/Frameworks",
					"$(inherited)",
				);
				GCC_PREPROCESSOR_DEFINITIONS = (
					"DEBUG=1",
					"$(inherited)",
				);
				INFOPLIST_FILE = "Hellow WorldTests/Info.plist";
				LD_RUNPATH_SEARCH_PATHS = "$(inherited) @executable_path/Frameworks @loader_path/Frameworks";
				PRODUCT_NAME = "$(TARGET_NAME)";
				TEST_HOST = "$(BUILT_PRODUCTS_DIR)/Hellow World.app/Hellow World";
			};
			name = Debug;
		};
		2D5E55521A6B6E8F00335363 /* Release */ = {
			isa = XCBuildConfiguration;
			buildSettings = {
				BUNDLE_LOADER = "$(TEST_HOST)";
				FRAMEWORK_SEARCH_PATHS = (
					"$(SDKROOT)/Developer/Library/Frameworks",
					"$(inherited)",
				);
				INFOPLIST_FILE = "Hellow WorldTests/Info.plist";
				LD_RUNPATH_SEARCH_PATHS = "$(inherited) @executable_path/Frameworks @loader_path/Frameworks";
				PRODUCT_NAME = "$(TARGET_NAME)";
				TEST_HOST = "$(BUILT_PRODUCTS_DIR)/Hellow World.app/Hellow World";
			};
			name = Release;
		};
/* End XCBuildConfiguration section */

/* Begin XCConfigurationList section */
		2D5E55291A6B6E8E00335363 /* Build configuration list for PBXProject "Hellow World" */ = {
			isa = XCConfigurationList;
			buildConfigurations = (
				2D5E554B1A6B6E8F00335363 /* Debug */,
				2D5E554C1A6B6E8F00335363 /* Release */,
			);
			defaultConfigurationIsVisible = 0;
			defaultConfigurationName = Release;
		};
		2D5E554D1A6B6E8F00335363 /* Build configuration list for PBXNativeTarget "Hellow World" */ = {
			isa = XCConfigurationList;
			buildConfigurations = (
				2D5E554E1A6B6E8F00335363 /* Debug */,
				2D5E554F1A6B6E8F00335363 /* Release */,
			);
			defaultConfigurationIsVisible = 0;
		};
		2D5E55501A6B6E8F00335363 /* Build configuration list for PBXNativeTarget "Hellow WorldTests" */ = {
			isa = XCConfigurationList;
			buildConfigurations = (
				2D5E55511A6B6E8F00335363 /* Debug */,
				2D5E55521A6B6E8F00335363 /* Release */,
			);
			defaultConfigurationIsVisible = 0;
		};
/* End XCConfigurationList section */
	};
	rootObject = 2D5E55261A6B6E8E00335363 /* Project object */;
}
